{
    "name": "@redblobgames/mapgen4",
    "version": "2.0.0",
    "lockfileVersion": 3,
    "requires": true,
    "packages": {
        "": {
            "name": "@redblobgames/mapgen4",
            "version": "2.0.0",
            "dependencies": {
                "@redblobgames/prng": "https://github.com/redblobgames/prng",
                "d3-contour": "^4",
                "delaunator": "^5",
                "fast-2d-poisson-disk-sampling": "^1",
                "flatqueue": "^2",
                "gl-matrix": "^3",
                "regl": "^1",
                "simplex-noise": "^4"
            }
        },
        "node_modules/@redblobgames/prng": {
            "version": "1.0.0",
            "resolved": "git+ssh://git@github.com/redblobgames/prng.git#1104cf92f9824d71cf631eeeedd5866e9b62ea9f",
            "license": "Apache-2.0",
            "dependencies": {
                "hash-int": "*"
            }
        },
        "node_modules/d3-array": {
            "version": "3.2.4",
            "resolved": "https://registry.npmjs.org/d3-array/-/d3-array-3.2.4.tgz",
            "integrity": "sha512-tdQAmyA18i4J7wprpYq8ClcxZy3SC31QMeByyCFyRt7BVHdREQZ5lpzoe5mFEYZUWe+oq8HBvk9JjpibyEV4Jg==",
            "dependencies": {
                "internmap": "1 - 2"
            },
            "engines": {
                "node": ">=12"
            }
        },
        "node_modules/d3-contour": {
            "version": "4.0.2",
            "resolved": "https://registry.npmjs.org/d3-contour/-/d3-contour-4.0.2.tgz",
            "integrity": "sha512-4EzFTRIikzs47RGmdxbeUvLWtGedDUNkTcmzoeyg4sP/dvCexO47AaQL7VKy/gul85TOxw+IBgA8US2xwbToNA==",
            "dependencies": {
                "d3-array": "^3.2.0"
            },
            "engines": {
                "node": ">=12"
            }
        },
        "node_modules/delaunator": {
            "version": "5.0.1",
            "resolved": "https://registry.npmjs.org/delaunator/-/delaunator-5.0.1.tgz",
            "integrity": "sha512-8nvh+XBe96aCESrGOqMp/84b13H9cdKbG5P2ejQCh4d4sK9RL4371qou9drQjMhvnPmhWl5hnmqbEE0fXr9Xnw==",
            "dependencies": {
                "robust-predicates": "^3.0.2"
            }
        },
        "node_modules/fast-2d-poisson-disk-sampling": {
            "version": "1.0.3",
            "resolved": "https://registry.npmjs.org/fast-2d-poisson-disk-sampling/-/fast-2d-poisson-disk-sampling-1.0.3.tgz",
            "integrity": "sha512-5jRLVwy1YCERwATyabp1OC34To0q2cKyfNBeglgjI1M1t4hpyqISY2Rb4jNayJ4IyV0sMbqVq85h5t11r7F9AA=="
        },
        "node_modules/flatqueue": {
            "version": "2.0.3",
            "resolved": "https://registry.npmjs.org/flatqueue/-/flatqueue-2.0.3.tgz",
            "integrity": "sha512-RZCWZNkmxzUOh8jqEcEGZCycb3B8KAfpPwg3H//cURasunYxsg1eIvE+QDSjX+ZPHTIVfINfK1aLTrVKKO0i4g==",
            "engines": {
                "node": ">= 12.17.0"
            }
        },
        "node_modules/gl-matrix": {
            "version": "3.4.4",
            "resolved": "https://registry.npmjs.org/gl-matrix/-/gl-matrix-3.4.4.tgz",
            "integrity": "sha512-latSnyDNt/8zYUB6VIJ6PCh2jBjJX6gnDsoCZ7LyW7GkqrD51EWwa9qCoGixj8YqBtETQK/xY7OmpTF8xz1DdQ=="
        },
        "node_modules/hash-int": {
            "version": "1.0.0",
            "resolved": "https://registry.npmjs.org/hash-int/-/hash-int-1.0.0.tgz",
            "integrity": "sha512-U1cDrvoPTR+AWCeFLXm0UjEcsgz74N5H4lQ3PjwDCIaLHgiXRmfsvq15/HGSjNAkig/bZMcESqg93ax9alWhkg=="
        },
        "node_modules/internmap": {
            "version": "2.0.3",
            "resolved": "https://registry.npmjs.org/internmap/-/internmap-2.0.3.tgz",
            "integrity": "sha512-5Hh7Y1wQbvY5ooGgPbDaL5iYLAPzMTUrjMulskHLH6wnv/A+1q5rgEaiuqEjB+oxGXIVZs1FF+R/KPN3ZSQYYg==",
            "engines": {
                "node": ">=12"
            }
        },
        "node_modules/regl": {
            "version": "1.7.0",
            "resolved": "https://registry.npmjs.org/regl/-/regl-1.7.0.tgz",
            "integrity": "sha512-bEAtp/qrtKucxXSJkD4ebopFZYP0q1+3Vb2WECWv/T8yQEgKxDxJ7ztO285tAMaYZVR6mM1GgI6CCn8FROtL1w=="
        },
        "node_modules/robust-predicates": {
            "version": "3.0.2",
            "resolved": "https://registry.npmjs.org/robust-predicates/-/robust-predicates-3.0.2.tgz",
            "integrity": "sha512-IXgzBWvWQwE6PrDI05OvmXUIruQTcoMDzRsOd5CDvHCVLcLHMTSYvOK5Cm46kWqlV3yAbuSpBZdJ5oP5OUoStg=="
        },
        "node_modules/simplex-noise": {
            "version": "4.0.3",
            "resolved": "https://registry.npmjs.org/simplex-noise/-/simplex-noise-4.0.3.tgz",
            "integrity": "sha512-qSE2I4AngLQG7BXqoZj51jokT4WUXe8mOBrvfOXpci8+6Yu44+/dD5zqDpOx3Ux792eamTd2lLcI8jqFntk/lg=="
        }
    }
}
